
Microsoft Visual Studio Solution File, Format Version 12.00
# Visual Studio Version 17
VisualStudioVersion = 17.7.34031.279
MinimumVisualStudioVersion = 10.0.40219.1
Project("{9A19103F-16F7-4668-BE54-9A1E7A4F7556}") = "Keto", "Keto\Keto.csproj", "{954B8F95-EAE3-4B90-8C53-6F3FA41553EB}"
EndProject
Project("{FAE04EC0-301F-11D3-BF4B-00C04F79EFBC}") = "Test", "Test\Test.csproj", "{BD8C1CC0-F64A-4BA9-AFAD-00EDF56F8250}"
EndProject
Global
	GlobalSection(SolutionConfigurationPlatforms) = preSolution
		Debug|Any CPU = Debug|Any CPU
		Release|Any CPU = Release|Any CPU
	EndGlobalSection
	GlobalSection(ProjectConfigurationPlatforms) = postSolution
		{954B8F95-EAE3-4B90-8C53-6F3FA41553EB}.Debug|Any CPU.ActiveCfg = Debug|Any CPU
		{954B8F95-EAE3-4B90-8C53-6F3FA41553EB}.Debug|Any CPU.Build.0 = Debug|Any CPU
		{954B8F95-EAE3-4B90-8C53-6F3FA41553EB}.Release|Any CPU.ActiveCfg = Release|Any CPU
		{954B8F95-EAE3-4B90-8C53-6F3FA41553EB}.Release|Any CPU.Build.0 = Release|Any CPU
		{BD8C1CC0-F64A-4BA9-AFAD-00EDF56F8250}.Debug|Any CPU.ActiveCfg = Debug|Any CPU
		{BD8C1CC0-F64A-4BA9-AFAD-00EDF56F8250}.Debug|Any CPU.Build.0 = Debug|Any CPU
		{BD8C1CC0-F64A-4BA9-AFAD-00EDF56F8250}.Release|Any CPU.ActiveCfg = Release|Any CPU
		{BD8C1CC0-F64A-4BA9-AFAD-00EDF56F8250}.Release|Any CPU.Build.0 = Release|Any CPU
	EndGlobalSection
	GlobalSection(SolutionProperties) = preSolution
		HideSolutionNode = FALSE
	EndGlobalSection
	GlobalSection(ExtensibilityGlobals) = postSolution
		SolutionGuid = {33CBF77C-B307-491A-8307-00514B29682D}
	EndGlobalSection
EndGlobal
